<?xml version="1.0" encoding="utf-8"?>
<Project ToolsVersion="4.0" xmlns="http://schemas.microsoft.com/developer/msbuild/2003">
  <ItemGroup>
    <Filter Include="Исходные файлы">
      <UniqueIdentifier>{4FC737F1-C7A5-4376-A066-2A32D752A2FF}</UniqueIdentifier>
      <Extensions>cpp;c;cc;cxx;c++;cppm;ixx;def;odl;idl;hpj;bat;asm;asmx</Extensions>
    </Filter>
    <Filter Include="Файлы заголовков">
      <UniqueIdentifier>{93995380-89BD-4b04-88EB-625FBE52EBFB}</UniqueIdentifier>
      <Extensions>h;hh;hpp;hxx;h++;hm;inl;inc;ipp;xsd</Extensions>
    </Filter>
    <Filter Include="Файлы ресурсов">
      <UniqueIdentifier>{67DA6AB6-F800-4c08-8B7A-83BB121AAD01}</UniqueIdentifier>
      <Extensions>rc;ico;cur;bmp;dlg;rc2;rct;bin;rgs;gif;jpg;jpeg;jpe;resx;tiff;tif;png;wav;mfcribbon-ms</Extensions>
    </Filter>
  </ItemGroup>
  <ItemGroup>
    <None Include="DOC_prj\README.md" />
    <None Include="DOC_prj\Агрегация и композиция.md" />
    <None Include="DOC_prj\Асинхронный доступ.md" />
    <None Include="DOC_prj\Вариант решения.md" />
    <None Include="DOC_prj\Ограничить шаблон целочисленными типами.md" />
    <None Include="DOC_prj\Организация мандатной защиты доступа к объекту.md" />
    <None Include="ClassDiagram.cd" />
    <None Include=".github\workflows\sync-public-repo.yml" />
  </ItemGroup>
  <ItemGroup>
    <ClCompile Include="DOC_prj\TODO.c">
      <Filter>Исходные файлы</Filter>
    </ClCompile>
    <ClCompile Include="tiQueueInterface\tiInterface.cpp">
      <Filter>Исходные файлы</Filter>
    </ClCompile>
    <ClCompile Include="tiQueueSet\tiQueueSet.cpp">
      <Filter>Исходные файлы</Filter>
    </ClCompile>
  </ItemGroup>
  <ItemGroup>
    <Text Include="DOC_prj\Мандатная защита.txt" />
    <Text Include="DOC_prj\Проект.txt" />
    <Text Include="DOC_prj\Промпт.txt" />
    <Text Include="Очередь.txt" />
    <Text Include="Классы.txt" />
    <Text Include="Права.txt" />
  </ItemGroup>
  <ItemGroup>
    <ClInclude Include="tiQueueInterface\tiInterface.hpp">
      <Filter>Файлы заголовков</Filter>
    </ClInclude>
    <ClInclude Include="tiQueueSet\tiQueueSet.hpp">
      <Filter>Файлы заголовков</Filter>
    </ClInclude>
    <ClInclude Include="tiTypes.hpp">
      <Filter>Файлы заголовков</Filter>
    </ClInclude>
  </ItemGroup>
</Project>